
Microsoft Visual Studio Solution File, Format Version 10.00
# Visual Studio 2008
Project("{8BC9CEB8-8B4A-11D0-8D11-00A0C91BC942}") = "Crowd_root", "Crowd_root\Crowd_root.vcproj", "{83D56F4E-A1BA-42AF-97B2-735732C68462}"
	ProjectSection(ProjectDependencies) = postProject
		{D7B9213B-1BD2-41A6-A4A8-5962E1C916E3} = {D7B9213B-1BD2-41A6-A4A8-5962E1C916E3}
		{6532543F-8D20-45CE-A126-E0D503AEF651} = {6532543F-8D20-45CE-A126-E0D503AEF651}
		{C77F9F5E-2065-418E-A806-62836306D5A1} = {C77F9F5E-2065-418E-A806-62836306D5A1}
		{86817F71-36D2-4CAF-9CFC-AE2C571DC740} = {86817F71-36D2-4CAF-9CFC-AE2C571DC740}
		{69EC1B80-B635-4727-9C61-E399286ACEDA} = {69EC1B80-B635-4727-9C61-E399286ACEDA}
		{A895AD8B-B86B-4071-8B76-1B0CD15A4FB6} = {A895AD8B-B86B-4071-8B76-1B0CD15A4FB6}
		{A123DB9A-1195-4AAA-96C4-ABB2CB9BF106} = {A123DB9A-1195-4AAA-96C4-ABB2CB9BF106}
		{D60124AD-C39B-4CC5-9B39-6E001A7802EF} = {D60124AD-C39B-4CC5-9B39-6E001A7802EF}
		{A7572AB5-5E97-4041-BEF9-9C327D6FBA24} = {A7572AB5-5E97-4041-BEF9-9C327D6FBA24}
		{051BA3F3-CC89-4D0F-9606-327F23ED6509} = {051BA3F3-CC89-4D0F-9606-327F23ED6509}
		{73D4C0F6-CB98-4E6E-92E6-8250139D9119} = {73D4C0F6-CB98-4E6E-92E6-8250139D9119}
		{F0E69EFD-C8D7-4A63-B1C6-47CECC61A71C} = {F0E69EFD-C8D7-4A63-B1C6-47CECC61A71C}
	EndProjectSection
EndProject
Project("{8BC9CEB8-8B4A-11D0-8D11-00A0C91BC942}") = "Matrix", "Matrix\Matrix.vcproj", "{69EC1B80-B635-4727-9C61-E399286ACEDA}"
EndProject
Project("{8BC9CEB8-8B4A-11D0-8D11-00A0C91BC942}") = "Ud_tools", "UD_tools\Ud_tools.vcproj", "{F0E69EFD-C8D7-4A63-B1C6-47CECC61A71C}"
EndProject
Project("{8BC9CEB8-8B4A-11D0-8D11-00A0C91BC942}") = "Crowd_kernel", "Crowd_kernel\Crowd_kernel.vcproj", "{D7B9213B-1BD2-41A6-A4A8-5962E1C916E3}"
EndProject
Project("{8BC9CEB8-8B4A-11D0-8D11-00A0C91BC942}") = "Crowd_feature", "Crowd_feature\Crowd_feature.vcproj", "{6532543F-8D20-45CE-A126-E0D503AEF651}"
EndProject
Project("{8BC9CEB8-8B4A-11D0-8D11-00A0C91BC942}") = "Crowd_object", "Crowd_object\Crowd_object.vcproj", "{D60124AD-C39B-4CC5-9B39-6E001A7802EF}"
EndProject
Project("{8BC9CEB8-8B4A-11D0-8D11-00A0C91BC942}") = "Crowd_model", "Crowd_model\Crowd_model.vcproj", "{A7572AB5-5E97-4041-BEF9-9C327D6FBA24}"
EndProject
Project("{8BC9CEB8-8B4A-11D0-8D11-00A0C91BC942}") = "Crowd_communication", "Crowd_communication\Crowd_communication.vcproj", "{051BA3F3-CC89-4D0F-9606-327F23ED6509}"
EndProject
Project("{8BC9CEB8-8B4A-11D0-8D11-00A0C91BC942}") = "C_Dcl", "C_Dcl\C_Dcl.vcproj", "{A895AD8B-B86B-4071-8B76-1B0CD15A4FB6}"
	ProjectSection(ProjectDependencies) = postProject
		{6245731E-51CA-49DB-8F74-760D540CDC5E} = {6245731E-51CA-49DB-8F74-760D540CDC5E}
		{D7B9213B-1BD2-41A6-A4A8-5962E1C916E3} = {D7B9213B-1BD2-41A6-A4A8-5962E1C916E3}
		{D60124AD-C39B-4CC5-9B39-6E001A7802EF} = {D60124AD-C39B-4CC5-9B39-6E001A7802EF}
	EndProjectSection
EndProject
Project("{8BC9CEB8-8B4A-11D0-8D11-00A0C91BC942}") = "dcl_kernel", "dcl_kernel\dcl_kernel.vcproj", "{6245731E-51CA-49DB-8F74-760D540CDC5E}"
EndProject
Project("{8BC9CEB8-8B4A-11D0-8D11-00A0C91BC942}") = "O_Human", "O_Human\O_Human.vcproj", "{A123DB9A-1195-4AAA-96C4-ABB2CB9BF106}"
	ProjectSection(ProjectDependencies) = postProject
		{D7B9213B-1BD2-41A6-A4A8-5962E1C916E3} = {D7B9213B-1BD2-41A6-A4A8-5962E1C916E3}
		{6532543F-8D20-45CE-A126-E0D503AEF651} = {6532543F-8D20-45CE-A126-E0D503AEF651}
		{D60124AD-C39B-4CC5-9B39-6E001A7802EF} = {D60124AD-C39B-4CC5-9B39-6E001A7802EF}
		{A7572AB5-5E97-4041-BEF9-9C327D6FBA24} = {A7572AB5-5E97-4041-BEF9-9C327D6FBA24}
		{73D4C0F6-CB98-4E6E-92E6-8250139D9119} = {73D4C0F6-CB98-4E6E-92E6-8250139D9119}
	EndProjectSection
EndProject
Project("{8BC9CEB8-8B4A-11D0-8D11-00A0C91BC942}") = "F_Show", "F_Show\F_Show.vcproj", "{73D4C0F6-CB98-4E6E-92E6-8250139D9119}"
	ProjectSection(ProjectDependencies) = postProject
		{D7B9213B-1BD2-41A6-A4A8-5962E1C916E3} = {D7B9213B-1BD2-41A6-A4A8-5962E1C916E3}
		{6532543F-8D20-45CE-A126-E0D503AEF651} = {6532543F-8D20-45CE-A126-E0D503AEF651}
		{D60124AD-C39B-4CC5-9B39-6E001A7802EF} = {D60124AD-C39B-4CC5-9B39-6E001A7802EF}
		{A7572AB5-5E97-4041-BEF9-9C327D6FBA24} = {A7572AB5-5E97-4041-BEF9-9C327D6FBA24}
	EndProjectSection
EndProject
Project("{8BC9CEB8-8B4A-11D0-8D11-00A0C91BC942}") = "CCL_1_lib", "CCL_1\CCL_1_lib.vcproj", "{716F0F0E-C753-41C0-A5CA-FF57215883CC}"
EndProject
Project("{8BC9CEB8-8B4A-11D0-8D11-00A0C91BC942}") = "C_Std", "C_Std\C_Std.vcproj", "{C77F9F5E-2065-418E-A806-62836306D5A1}"
	ProjectSection(ProjectDependencies) = postProject
		{716F0F0E-C753-41C0-A5CA-FF57215883CC} = {716F0F0E-C753-41C0-A5CA-FF57215883CC}
		{D7B9213B-1BD2-41A6-A4A8-5962E1C916E3} = {D7B9213B-1BD2-41A6-A4A8-5962E1C916E3}
		{6532543F-8D20-45CE-A126-E0D503AEF651} = {6532543F-8D20-45CE-A126-E0D503AEF651}
		{D60124AD-C39B-4CC5-9B39-6E001A7802EF} = {D60124AD-C39B-4CC5-9B39-6E001A7802EF}
	EndProjectSection
EndProject
Project("{8BC9CEB8-8B4A-11D0-8D11-00A0C91BC942}") = "T_View", "T_View\T_View.vcproj", "{86817F71-36D2-4CAF-9CFC-AE2C571DC740}"
	ProjectSection(ProjectDependencies) = postProject
		{D7B9213B-1BD2-41A6-A4A8-5962E1C916E3} = {D7B9213B-1BD2-41A6-A4A8-5962E1C916E3}
		{D60124AD-C39B-4CC5-9B39-6E001A7802EF} = {D60124AD-C39B-4CC5-9B39-6E001A7802EF}
	EndProjectSection
EndProject
Global
	GlobalSection(SolutionConfigurationPlatforms) = preSolution
		Debug|Win32 = Debug|Win32
		Release|Win32 = Release|Win32
	EndGlobalSection
	GlobalSection(ProjectConfigurationPlatforms) = postSolution
		{83D56F4E-A1BA-42AF-97B2-735732C68462}.Debug|Win32.ActiveCfg = Debug|Win32
		{83D56F4E-A1BA-42AF-97B2-735732C68462}.Debug|Win32.Build.0 = Debug|Win32
		{83D56F4E-A1BA-42AF-97B2-735732C68462}.Release|Win32.ActiveCfg = Release|Win32
		{83D56F4E-A1BA-42AF-97B2-735732C68462}.Release|Win32.Build.0 = Release|Win32
		{69EC1B80-B635-4727-9C61-E399286ACEDA}.Debug|Win32.ActiveCfg = Debug|Win32
		{69EC1B80-B635-4727-9C61-E399286ACEDA}.Debug|Win32.Build.0 = Debug|Win32
		{69EC1B80-B635-4727-9C61-E399286ACEDA}.Release|Win32.ActiveCfg = Release|Win32
		{69EC1B80-B635-4727-9C61-E399286ACEDA}.Release|Win32.Build.0 = Release|Win32
		{F0E69EFD-C8D7-4A63-B1C6-47CECC61A71C}.Debug|Win32.ActiveCfg = Debug|Win32
		{F0E69EFD-C8D7-4A63-B1C6-47CECC61A71C}.Debug|Win32.Build.0 = Debug|Win32
		{F0E69EFD-C8D7-4A63-B1C6-47CECC61A71C}.Release|Win32.ActiveCfg = Release|Win32
		{F0E69EFD-C8D7-4A63-B1C6-47CECC61A71C}.Release|Win32.Build.0 = Release|Win32
		{D7B9213B-1BD2-41A6-A4A8-5962E1C916E3}.Debug|Win32.ActiveCfg = Debug|Win32
		{D7B9213B-1BD2-41A6-A4A8-5962E1C916E3}.Debug|Win32.Build.0 = Debug|Win32
		{D7B9213B-1BD2-41A6-A4A8-5962E1C916E3}.Release|Win32.ActiveCfg = Release|Win32
		{D7B9213B-1BD2-41A6-A4A8-5962E1C916E3}.Release|Win32.Build.0 = Release|Win32
		{6532543F-8D20-45CE-A126-E0D503AEF651}.Debug|Win32.ActiveCfg = Debug|Win32
		{6532543F-8D20-45CE-A126-E0D503AEF651}.Debug|Win32.Build.0 = Debug|Win32
		{6532543F-8D20-45CE-A126-E0D503AEF651}.Release|Win32.ActiveCfg = Release|Win32
		{6532543F-8D20-45CE-A126-E0D503AEF651}.Release|Win32.Build.0 = Release|Win32
		{D60124AD-C39B-4CC5-9B39-6E001A7802EF}.Debug|Win32.ActiveCfg = Debug|Win32
		{D60124AD-C39B-4CC5-9B39-6E001A7802EF}.Debug|Win32.Build.0 = Debug|Win32
		{D60124AD-C39B-4CC5-9B39-6E001A7802EF}.Release|Win32.ActiveCfg = Release|Win32
		{D60124AD-C39B-4CC5-9B39-6E001A7802EF}.Release|Win32.Build.0 = Release|Win32
		{A7572AB5-5E97-4041-BEF9-9C327D6FBA24}.Debug|Win32.ActiveCfg = Debug|Win32
		{A7572AB5-5E97-4041-BEF9-9C327D6FBA24}.Debug|Win32.Build.0 = Debug|Win32
		{A7572AB5-5E97-4041-BEF9-9C327D6FBA24}.Release|Win32.ActiveCfg = Release|Win32
		{A7572AB5-5E97-4041-BEF9-9C327D6FBA24}.Release|Win32.Build.0 = Release|Win32
		{051BA3F3-CC89-4D0F-9606-327F23ED6509}.Debug|Win32.ActiveCfg = Debug|Win32
		{051BA3F3-CC89-4D0F-9606-327F23ED6509}.Debug|Win32.Build.0 = Debug|Win32
		{051BA3F3-CC89-4D0F-9606-327F23ED6509}.Release|Win32.ActiveCfg = Release|Win32
		{051BA3F3-CC89-4D0F-9606-327F23ED6509}.Release|Win32.Build.0 = Release|Win32
		{A895AD8B-B86B-4071-8B76-1B0CD15A4FB6}.Debug|Win32.ActiveCfg = Debug|Win32
		{A895AD8B-B86B-4071-8B76-1B0CD15A4FB6}.Debug|Win32.Build.0 = Debug|Win32
		{A895AD8B-B86B-4071-8B76-1B0CD15A4FB6}.Release|Win32.ActiveCfg = Release|Win32
		{A895AD8B-B86B-4071-8B76-1B0CD15A4FB6}.Release|Win32.Build.0 = Release|Win32
		{6245731E-51CA-49DB-8F74-760D540CDC5E}.Debug|Win32.ActiveCfg = Debug|Win32
		{6245731E-51CA-49DB-8F74-760D540CDC5E}.Debug|Win32.Build.0 = Debug|Win32
		{6245731E-51CA-49DB-8F74-760D540CDC5E}.Release|Win32.ActiveCfg = Release|Win32
		{6245731E-51CA-49DB-8F74-760D540CDC5E}.Release|Win32.Build.0 = Release|Win32
		{A123DB9A-1195-4AAA-96C4-ABB2CB9BF106}.Debug|Win32.ActiveCfg = Debug|Win32
		{A123DB9A-1195-4AAA-96C4-ABB2CB9BF106}.Debug|Win32.Build.0 = Debug|Win32
		{A123DB9A-1195-4AAA-96C4-ABB2CB9BF106}.Release|Win32.ActiveCfg = Release|Win32
		{A123DB9A-1195-4AAA-96C4-ABB2CB9BF106}.Release|Win32.Build.0 = Release|Win32
		{73D4C0F6-CB98-4E6E-92E6-8250139D9119}.Debug|Win32.ActiveCfg = Debug|Win32
		{73D4C0F6-CB98-4E6E-92E6-8250139D9119}.Debug|Win32.Build.0 = Debug|Win32
		{73D4C0F6-CB98-4E6E-92E6-8250139D9119}.Release|Win32.ActiveCfg = Release|Win32
		{73D4C0F6-CB98-4E6E-92E6-8250139D9119}.Release|Win32.Build.0 = Release|Win32
		{716F0F0E-C753-41C0-A5CA-FF57215883CC}.Debug|Win32.ActiveCfg = Debug|Win32
		{716F0F0E-C753-41C0-A5CA-FF57215883CC}.Debug|Win32.Build.0 = Debug|Win32
		{716F0F0E-C753-41C0-A5CA-FF57215883CC}.Release|Win32.ActiveCfg = Release|Win32
		{716F0F0E-C753-41C0-A5CA-FF57215883CC}.Release|Win32.Build.0 = Release|Win32
		{C77F9F5E-2065-418E-A806-62836306D5A1}.Debug|Win32.ActiveCfg = Debug|Win32
		{C77F9F5E-2065-418E-A806-62836306D5A1}.Debug|Win32.Build.0 = Debug|Win32
		{C77F9F5E-2065-418E-A806-62836306D5A1}.Release|Win32.ActiveCfg = Release|Win32
		{C77F9F5E-2065-418E-A806-62836306D5A1}.Release|Win32.Build.0 = Release|Win32
		{86817F71-36D2-4CAF-9CFC-AE2C571DC740}.Debug|Win32.ActiveCfg = Debug|Win32
		{86817F71-36D2-4CAF-9CFC-AE2C571DC740}.Debug|Win32.Build.0 = Debug|Win32
		{86817F71-36D2-4CAF-9CFC-AE2C571DC740}.Release|Win32.ActiveCfg = Release|Win32
		{86817F71-36D2-4CAF-9CFC-AE2C571DC740}.Release|Win32.Build.0 = Release|Win32
	EndGlobalSection
	GlobalSection(SolutionProperties) = preSolution
		HideSolutionNode = FALSE
	EndGlobalSection
EndGlobal
